[{<<"cowboy">>,
  {git,"https://github.com/ninenines/cowboy.git",
       {ref,"021f4f6069e5fae326bdfb0acb12c6500082fa44"}},
  0},
 {<<"cowlib">>,
  {git,"git://github.com/extend/cowlib.git",
       {ref,"d544a494af4dbc810fc9c15eaf5cc050cced1501"}},
  1},
 {<<"erlydtl">>,
  {git,"https://github.com/erlydtl/erlydtl.git",
       {ref,"cb6dc127585e4040465e38de0b7ac1d13ea83813"}},
  0},
 {<<"ranch">>,
  {git,"git://github.com/extend/ranch.git",
       {ref,"adf1822defc2b7cfdc7aca112adabfa1d614043c"}},
  1}].
